
Microsoft Visual Studio Solution File, Format Version 12.00
# Visual Studio Version 17
VisualStudioVersion = 17.5.002.0
MinimumVisualStudioVersion = 10.0.40219.1
Project("{9A19103F-16F7-4668-BE54-9A1E7A4F7556}") = "server", "server\server.csproj", "{FF148224-4E49-4244-99B2-2B523D38B270}"
EndProject
Global
	GlobalSection(SolutionConfigurationPlatforms) = preSolution
		Debug|Any CPU = Debug|Any CPU
		Release|Any CPU = Release|Any CPU
	EndGlobalSection
	GlobalSection(ProjectConfigurationPlatforms) = postSolution
		{FF148224-4E49-4244-99B2-2B523D38B270}.Debug|Any CPU.ActiveCfg = Debug|Any CPU
		{FF148224-4E49-4244-99B2-2B523D38B270}.Debug|Any CPU.Build.0 = Debug|Any CPU
		{FF148224-4E49-4244-99B2-2B523D38B270}.Release|Any CPU.ActiveCfg = Release|Any CPU
		{FF148224-4E49-4244-99B2-2B523D38B270}.Release|Any CPU.Build.0 = Release|Any CPU
	EndGlobalSection
	GlobalSection(SolutionProperties) = preSolution
		HideSolutionNode = FALSE
	EndGlobalSection
	GlobalSection(ExtensibilityGlobals) = postSolution
		SolutionGuid = {8085B402-0937-44AC-8B4C-4DBDCCB7D151}
	EndGlobalSection
EndGlobal
